
Microsoft Visual Studio Solution File, Format Version 12.00
# Visual Studio Version 17
VisualStudioVersion = 17.11.35312.102
MinimumVisualStudioVersion = 10.0.40219.1
Project("{FAE04EC0-301F-11D3-BF4B-00C04F79EFBC}") = "Problem-1", "Problem-1\Problem-1.csproj", "{D577EE74-53A6-4074-A84A-F5AAB3FE0EC4}"
EndProject
Project("{FAE04EC0-301F-11D3-BF4B-00C04F79EFBC}") = "Problem-2", "Problem-2\Problem-2.csproj", "{D5BCB89C-C0A2-46ED-9DAE-EF74E043CFC2}"
EndProject
Global
	GlobalSection(SolutionConfigurationPlatforms) = preSolution
		Debug|Any CPU = Debug|Any CPU
		Release|Any CPU = Release|Any CPU
	EndGlobalSection
	GlobalSection(ProjectConfigurationPlatforms) = postSolution
		{D577EE74-53A6-4074-A84A-F5AAB3FE0EC4}.Debug|Any CPU.ActiveCfg = Debug|Any CPU
		{D577EE74-53A6-4074-A84A-F5AAB3FE0EC4}.Debug|Any CPU.Build.0 = Debug|Any CPU
		{D577EE74-53A6-4074-A84A-F5AAB3FE0EC4}.Release|Any CPU.ActiveCfg = Release|Any CPU
		{D577EE74-53A6-4074-A84A-F5AAB3FE0EC4}.Release|Any CPU.Build.0 = Release|Any CPU
		{D5BCB89C-C0A2-46ED-9DAE-EF74E043CFC2}.Debug|Any CPU.ActiveCfg = Debug|Any CPU
		{D5BCB89C-C0A2-46ED-9DAE-EF74E043CFC2}.Debug|Any CPU.Build.0 = Debug|Any CPU
		{D5BCB89C-C0A2-46ED-9DAE-EF74E043CFC2}.Release|Any CPU.ActiveCfg = Release|Any CPU
		{D5BCB89C-C0A2-46ED-9DAE-EF74E043CFC2}.Release|Any CPU.Build.0 = Release|Any CPU
	EndGlobalSection
	GlobalSection(SolutionProperties) = preSolution
		HideSolutionNode = FALSE
	EndGlobalSection
	GlobalSection(ExtensibilityGlobals) = postSolution
		SolutionGuid = {6A675536-646E-483D-91CB-F30FC4FF78B4}
	EndGlobalSection
EndGlobal
